
Microsoft Visual Studio Solution File, Format Version 12.00
# Visual Studio 2012
Project("{FAE04EC0-301F-11D3-BF4B-00C04F79EFBC}") = "Lanscan.Networking", "Lanscan.Networking\Lanscan.Networking.csproj", "{45B368D0-BF21-467C-948E-796259844A3C}"
EndProject
Project("{FAE04EC0-301F-11D3-BF4B-00C04F79EFBC}") = "Lanscan.Networking.UnitTests", "Lanscan.Networking.UnitTests\Lanscan.Networking.UnitTests.csproj", "{CD6B0CC2-BF40-4910-A14B-328012B45170}"
EndProject
Project("{FAE04EC0-301F-11D3-BF4B-00C04F79EFBC}") = "LanscanApp", "LanscanApp\LanscanApp.csproj", "{F8CCE33F-76CD-41B9-8A72-CE212F429E80}"
EndProject
Project("{FAE04EC0-301F-11D3-BF4B-00C04F79EFBC}") = "Lanscan.TestFramework", "Lanscan.TestFramework\Lanscan.TestFramework.csproj", "{471EE13A-2051-4104-8EEA-39FD27824BC0}"
EndProject
Project("{FAE04EC0-301F-11D3-BF4B-00C04F79EFBC}") = "Lanscan.Utilities", "Lanscan.Utilities\Lanscan.Utilities.csproj", "{C14987D6-EBE1-484F-9ADD-DB10B5DD49D3}"
EndProject
Project("{2150E333-8FDC-42A3-9474-1A3956D46DE8}") = "Solution Items", "Solution Items", "{7454D028-7FBE-48C8-81BD-3F8D8C470AEA}"
	ProjectSection(SolutionItems) = preProject
		CustomDictionary.xml = CustomDictionary.xml
		Lanscan.vsmdi = Lanscan.vsmdi
		Local.testsettings = Local.testsettings
		TraceAndTestImpact.testsettings = TraceAndTestImpact.testsettings
	EndProjectSection
EndProject
Project("{FAE04EC0-301F-11D3-BF4B-00C04F79EFBC}") = "Lanscan.Networking.Dns", "Lanscan.Networking.Dns\Lanscan.Networking.Dns.csproj", "{C7488725-AE47-4633-BA73-0481199E72CF}"
EndProject
Project("{FAE04EC0-301F-11D3-BF4B-00C04F79EFBC}") = "Lanscan.Networking.Dns.UnitTests", "Lanscan.Networking.Dns.UnitTests\Lanscan.Networking.Dns.UnitTests.csproj", "{C03AC4BD-9503-42DF-A99D-66BDBC0DF274}"
EndProject
Project("{FAE04EC0-301F-11D3-BF4B-00C04F79EFBC}") = "LanscanApp.UnitTests", "LanscanApp.UnitTests\LanscanApp.UnitTests.csproj", "{494D30FF-B711-4C7D-9EE4-116856321FE3}"
EndProject
Project("{FAE04EC0-301F-11D3-BF4B-00C04F79EFBC}") = "Lanscan.Utilities.UnitTests", "Lanscan.Utilities.UnitTests\Lanscan.Utilities.UnitTests.csproj", "{FBB09187-9F94-4889-A8B6-49DC6D6A46C0}"
EndProject
Project("{FAE04EC0-301F-11D3-BF4B-00C04F79EFBC}") = "Lanscan.UI", "Lanscan.UI\Lanscan.UI.csproj", "{46D45852-1649-42F8-AE6D-90D85F0B17C1}"
EndProject
Project("{FAE04EC0-301F-11D3-BF4B-00C04F79EFBC}") = "ReproApp", "ReproApp\ReproApp.csproj", "{567CC218-4D1C-4216-842B-266AE1853113}"
EndProject
Project("{FAE04EC0-301F-11D3-BF4B-00C04F79EFBC}") = "SerializationTest", "SerializationTest\SerializationTest.csproj", "{B165B682-24E2-468D-AC18-AF04399BD6F6}"
EndProject
Project("{FAE04EC0-301F-11D3-BF4B-00C04F79EFBC}") = "SerializationTest.UnitTests", "SerializationTest.UnitTests\SerializationTest.UnitTests.csproj", "{01C3475D-9251-40F7-B81E-B49604818AC2}"
EndProject
Project("{FAE04EC0-301F-11D3-BF4B-00C04F79EFBC}") = "Lanscan.DataContracts", "Lanscan.DataContracts\Lanscan.DataContracts.csproj", "{0A22AC29-A78E-4C57-9009-1A3C568BAED8}"
EndProject
Project("{FAE04EC0-301F-11D3-BF4B-00C04F79EFBC}") = "Lanscan.DataContracts.UnitTests", "Lanscan.DataContracts.UnitTests\Lanscan.DataContracts.UnitTests.csproj", "{25F4A816-EE77-4CB8-A348-02D4526D72CC}"
EndProject
Global
	GlobalSection(TestCaseManagementSettings) = postSolution
		CategoryFile = Lanscan.vsmdi
	EndGlobalSection
	GlobalSection(SolutionConfigurationPlatforms) = preSolution
		Debug|Any CPU = Debug|Any CPU
		Debug|ARM = Debug|ARM
		Debug|x64 = Debug|x64
		Debug|x86 = Debug|x86
		Release|Any CPU = Release|Any CPU
		Release|ARM = Release|ARM
		Release|x64 = Release|x64
		Release|x86 = Release|x86
	EndGlobalSection
	GlobalSection(ProjectConfigurationPlatforms) = postSolution
		{45B368D0-BF21-467C-948E-796259844A3C}.Debug|Any CPU.ActiveCfg = Debug|Any CPU
		{45B368D0-BF21-467C-948E-796259844A3C}.Debug|Any CPU.Build.0 = Debug|Any CPU
		{45B368D0-BF21-467C-948E-796259844A3C}.Debug|ARM.ActiveCfg = Debug|ARM
		{45B368D0-BF21-467C-948E-796259844A3C}.Debug|ARM.Build.0 = Debug|ARM
		{45B368D0-BF21-467C-948E-796259844A3C}.Debug|x64.ActiveCfg = Debug|x64
		{45B368D0-BF21-467C-948E-796259844A3C}.Debug|x64.Build.0 = Debug|x64
		{45B368D0-BF21-467C-948E-796259844A3C}.Debug|x86.ActiveCfg = Debug|x86
		{45B368D0-BF21-467C-948E-796259844A3C}.Debug|x86.Build.0 = Debug|x86
		{45B368D0-BF21-467C-948E-796259844A3C}.Release|Any CPU.ActiveCfg = Release|Any CPU
		{45B368D0-BF21-467C-948E-796259844A3C}.Release|Any CPU.Build.0 = Release|Any CPU
		{45B368D0-BF21-467C-948E-796259844A3C}.Release|ARM.ActiveCfg = Release|ARM
		{45B368D0-BF21-467C-948E-796259844A3C}.Release|ARM.Build.0 = Release|ARM
		{45B368D0-BF21-467C-948E-796259844A3C}.Release|x64.ActiveCfg = Release|x64
		{45B368D0-BF21-467C-948E-796259844A3C}.Release|x64.Build.0 = Release|x64
		{45B368D0-BF21-467C-948E-796259844A3C}.Release|x86.ActiveCfg = Release|x86
		{45B368D0-BF21-467C-948E-796259844A3C}.Release|x86.Build.0 = Release|x86
		{CD6B0CC2-BF40-4910-A14B-328012B45170}.Debug|Any CPU.ActiveCfg = Debug|Any CPU
		{CD6B0CC2-BF40-4910-A14B-328012B45170}.Debug|Any CPU.Build.0 = Debug|Any CPU
		{CD6B0CC2-BF40-4910-A14B-328012B45170}.Debug|Any CPU.Deploy.0 = Debug|Any CPU
		{CD6B0CC2-BF40-4910-A14B-328012B45170}.Debug|ARM.ActiveCfg = Debug|ARM
		{CD6B0CC2-BF40-4910-A14B-328012B45170}.Debug|ARM.Build.0 = Debug|ARM
		{CD6B0CC2-BF40-4910-A14B-328012B45170}.Debug|ARM.Deploy.0 = Debug|ARM
		{CD6B0CC2-BF40-4910-A14B-328012B45170}.Debug|x64.ActiveCfg = Debug|x64
		{CD6B0CC2-BF40-4910-A14B-328012B45170}.Debug|x64.Build.0 = Debug|x64
		{CD6B0CC2-BF40-4910-A14B-328012B45170}.Debug|x64.Deploy.0 = Debug|x64
		{CD6B0CC2-BF40-4910-A14B-328012B45170}.Debug|x86.ActiveCfg = Debug|x86
		{CD6B0CC2-BF40-4910-A14B-328012B45170}.Debug|x86.Build.0 = Debug|x86
		{CD6B0CC2-BF40-4910-A14B-328012B45170}.Debug|x86.Deploy.0 = Debug|x86
		{CD6B0CC2-BF40-4910-A14B-328012B45170}.Release|Any CPU.ActiveCfg = Release|Any CPU
		{CD6B0CC2-BF40-4910-A14B-328012B45170}.Release|Any CPU.Build.0 = Release|Any CPU
		{CD6B0CC2-BF40-4910-A14B-328012B45170}.Release|Any CPU.Deploy.0 = Release|Any CPU
		{CD6B0CC2-BF40-4910-A14B-328012B45170}.Release|ARM.ActiveCfg = Release|ARM
		{CD6B0CC2-BF40-4910-A14B-328012B45170}.Release|ARM.Build.0 = Release|ARM
		{CD6B0CC2-BF40-4910-A14B-328012B45170}.Release|ARM.Deploy.0 = Release|ARM
		{CD6B0CC2-BF40-4910-A14B-328012B45170}.Release|x64.ActiveCfg = Release|x64
		{CD6B0CC2-BF40-4910-A14B-328012B45170}.Release|x64.Build.0 = Release|x64
		{CD6B0CC2-BF40-4910-A14B-328012B45170}.Release|x64.Deploy.0 = Release|x64
		{CD6B0CC2-BF40-4910-A14B-328012B45170}.Release|x86.ActiveCfg = Release|x86
		{CD6B0CC2-BF40-4910-A14B-328012B45170}.Release|x86.Build.0 = Release|x86
		{CD6B0CC2-BF40-4910-A14B-328012B45170}.Release|x86.Deploy.0 = Release|x86
		{F8CCE33F-76CD-41B9-8A72-CE212F429E80}.Debug|Any CPU.ActiveCfg = Debug|Any CPU
		{F8CCE33F-76CD-41B9-8A72-CE212F429E80}.Debug|Any CPU.Build.0 = Debug|Any CPU
		{F8CCE33F-76CD-41B9-8A72-CE212F429E80}.Debug|Any CPU.Deploy.0 = Debug|Any CPU
		{F8CCE33F-76CD-41B9-8A72-CE212F429E80}.Debug|ARM.ActiveCfg = Debug|ARM
		{F8CCE33F-76CD-41B9-8A72-CE212F429E80}.Debug|ARM.Build.0 = Debug|ARM
		{F8CCE33F-76CD-41B9-8A72-CE212F429E80}.Debug|ARM.Deploy.0 = Debug|ARM
		{F8CCE33F-76CD-41B9-8A72-CE212F429E80}.Debug|x64.ActiveCfg = Debug|x64
		{F8CCE33F-76CD-41B9-8A72-CE212F429E80}.Debug|x64.Build.0 = Debug|x64
		{F8CCE33F-76CD-41B9-8A72-CE212F429E80}.Debug|x64.Deploy.0 = Debug|x64
		{F8CCE33F-76CD-41B9-8A72-CE212F429E80}.Debug|x86.ActiveCfg = Debug|x86
		{F8CCE33F-76CD-41B9-8A72-CE212F429E80}.Debug|x86.Build.0 = Debug|x86
		{F8CCE33F-76CD-41B9-8A72-CE212F429E80}.Debug|x86.Deploy.0 = Debug|x86
		{F8CCE33F-76CD-41B9-8A72-CE212F429E80}.Release|Any CPU.ActiveCfg = Release|Any CPU
		{F8CCE33F-76CD-41B9-8A72-CE212F429E80}.Release|Any CPU.Build.0 = Release|Any CPU
		{F8CCE33F-76CD-41B9-8A72-CE212F429E80}.Release|Any CPU.Deploy.0 = Release|Any CPU
		{F8CCE33F-76CD-41B9-8A72-CE212F429E80}.Release|ARM.ActiveCfg = Release|ARM
		{F8CCE33F-76CD-41B9-8A72-CE212F429E80}.Release|ARM.Build.0 = Release|ARM
		{F8CCE33F-76CD-41B9-8A72-CE212F429E80}.Release|ARM.Deploy.0 = Release|ARM
		{F8CCE33F-76CD-41B9-8A72-CE212F429E80}.Release|x64.ActiveCfg = Release|x64
		{F8CCE33F-76CD-41B9-8A72-CE212F429E80}.Release|x64.Build.0 = Release|x64
		{F8CCE33F-76CD-41B9-8A72-CE212F429E80}.Release|x64.Deploy.0 = Release|x64
		{F8CCE33F-76CD-41B9-8A72-CE212F429E80}.Release|x86.ActiveCfg = Release|x86
		{F8CCE33F-76CD-41B9-8A72-CE212F429E80}.Release|x86.Build.0 = Release|x86
		{F8CCE33F-76CD-41B9-8A72-CE212F429E80}.Release|x86.Deploy.0 = Release|x86
		{471EE13A-2051-4104-8EEA-39FD27824BC0}.Debug|Any CPU.ActiveCfg = Debug|Any CPU
		{471EE13A-2051-4104-8EEA-39FD27824BC0}.Debug|Any CPU.Build.0 = Debug|Any CPU
		{471EE13A-2051-4104-8EEA-39FD27824BC0}.Debug|ARM.ActiveCfg = Debug|ARM
		{471EE13A-2051-4104-8EEA-39FD27824BC0}.Debug|ARM.Build.0 = Debug|ARM
		{471EE13A-2051-4104-8EEA-39FD27824BC0}.Debug|x64.ActiveCfg = Debug|x64
		{471EE13A-2051-4104-8EEA-39FD27824BC0}.Debug|x64.Build.0 = Debug|x64
		{471EE13A-2051-4104-8EEA-39FD27824BC0}.Debug|x86.ActiveCfg = Debug|x86
		{471EE13A-2051-4104-8EEA-39FD27824BC0}.Debug|x86.Build.0 = Debug|x86
		{471EE13A-2051-4104-8EEA-39FD27824BC0}.Release|Any CPU.ActiveCfg = Release|Any CPU
		{471EE13A-2051-4104-8EEA-39FD27824BC0}.Release|Any CPU.Build.0 = Release|Any CPU
		{471EE13A-2051-4104-8EEA-39FD27824BC0}.Release|ARM.ActiveCfg = Release|ARM
		{471EE13A-2051-4104-8EEA-39FD27824BC0}.Release|ARM.Build.0 = Release|ARM
		{471EE13A-2051-4104-8EEA-39FD27824BC0}.Release|x64.ActiveCfg = Release|x64
		{471EE13A-2051-4104-8EEA-39FD27824BC0}.Release|x64.Build.0 = Release|x64
		{471EE13A-2051-4104-8EEA-39FD27824BC0}.Release|x86.ActiveCfg = Release|x86
		{471EE13A-2051-4104-8EEA-39FD27824BC0}.Release|x86.Build.0 = Release|x86
		{C14987D6-EBE1-484F-9ADD-DB10B5DD49D3}.Debug|Any CPU.ActiveCfg = Debug|Any CPU
		{C14987D6-EBE1-484F-9ADD-DB10B5DD49D3}.Debug|Any CPU.Build.0 = Debug|Any CPU
		{C14987D6-EBE1-484F-9ADD-DB10B5DD49D3}.Debug|ARM.ActiveCfg = Debug|ARM
		{C14987D6-EBE1-484F-9ADD-DB10B5DD49D3}.Debug|ARM.Build.0 = Debug|ARM
		{C14987D6-EBE1-484F-9ADD-DB10B5DD49D3}.Debug|x64.ActiveCfg = Debug|x64
		{C14987D6-EBE1-484F-9ADD-DB10B5DD49D3}.Debug|x64.Build.0 = Debug|x64
		{C14987D6-EBE1-484F-9ADD-DB10B5DD49D3}.Debug|x86.ActiveCfg = Debug|x86
		{C14987D6-EBE1-484F-9ADD-DB10B5DD49D3}.Debug|x86.Build.0 = Debug|x86
		{C14987D6-EBE1-484F-9ADD-DB10B5DD49D3}.Release|Any CPU.ActiveCfg = Release|Any CPU
		{C14987D6-EBE1-484F-9ADD-DB10B5DD49D3}.Release|Any CPU.Build.0 = Release|Any CPU
		{C14987D6-EBE1-484F-9ADD-DB10B5DD49D3}.Release|ARM.ActiveCfg = Release|ARM
		{C14987D6-EBE1-484F-9ADD-DB10B5DD49D3}.Release|ARM.Build.0 = Release|ARM
		{C14987D6-EBE1-484F-9ADD-DB10B5DD49D3}.Release|x64.ActiveCfg = Release|x64
		{C14987D6-EBE1-484F-9ADD-DB10B5DD49D3}.Release|x64.Build.0 = Release|x64
		{C14987D6-EBE1-484F-9ADD-DB10B5DD49D3}.Release|x86.ActiveCfg = Release|x86
		{C14987D6-EBE1-484F-9ADD-DB10B5DD49D3}.Release|x86.Build.0 = Release|x86
		{C7488725-AE47-4633-BA73-0481199E72CF}.Debug|Any CPU.ActiveCfg = Debug|Any CPU
		{C7488725-AE47-4633-BA73-0481199E72CF}.Debug|Any CPU.Build.0 = Debug|Any CPU
		{C7488725-AE47-4633-BA73-0481199E72CF}.Debug|ARM.ActiveCfg = Debug|ARM
		{C7488725-AE47-4633-BA73-0481199E72CF}.Debug|ARM.Build.0 = Debug|ARM
		{C7488725-AE47-4633-BA73-0481199E72CF}.Debug|x64.ActiveCfg = Debug|x64
		{C7488725-AE47-4633-BA73-0481199E72CF}.Debug|x64.Build.0 = Debug|x64
		{C7488725-AE47-4633-BA73-0481199E72CF}.Debug|x86.ActiveCfg = Debug|x86
		{C7488725-AE47-4633-BA73-0481199E72CF}.Debug|x86.Build.0 = Debug|x86
		{C7488725-AE47-4633-BA73-0481199E72CF}.Release|Any CPU.ActiveCfg = Release|Any CPU
		{C7488725-AE47-4633-BA73-0481199E72CF}.Release|Any CPU.Build.0 = Release|Any CPU
		{C7488725-AE47-4633-BA73-0481199E72CF}.Release|ARM.ActiveCfg = Release|ARM
		{C7488725-AE47-4633-BA73-0481199E72CF}.Release|ARM.Build.0 = Release|ARM
		{C7488725-AE47-4633-BA73-0481199E72CF}.Release|x64.ActiveCfg = Release|x64
		{C7488725-AE47-4633-BA73-0481199E72CF}.Release|x64.Build.0 = Release|x64
		{C7488725-AE47-4633-BA73-0481199E72CF}.Release|x86.ActiveCfg = Release|x86
		{C7488725-AE47-4633-BA73-0481199E72CF}.Release|x86.Build.0 = Release|x86
		{C03AC4BD-9503-42DF-A99D-66BDBC0DF274}.Debug|Any CPU.ActiveCfg = Debug|Any CPU
		{C03AC4BD-9503-42DF-A99D-66BDBC0DF274}.Debug|Any CPU.Build.0 = Debug|Any CPU
		{C03AC4BD-9503-42DF-A99D-66BDBC0DF274}.Debug|Any CPU.Deploy.0 = Debug|Any CPU
		{C03AC4BD-9503-42DF-A99D-66BDBC0DF274}.Debug|ARM.ActiveCfg = Debug|ARM
		{C03AC4BD-9503-42DF-A99D-66BDBC0DF274}.Debug|ARM.Build.0 = Debug|ARM
		{C03AC4BD-9503-42DF-A99D-66BDBC0DF274}.Debug|ARM.Deploy.0 = Debug|ARM
		{C03AC4BD-9503-42DF-A99D-66BDBC0DF274}.Debug|x64.ActiveCfg = Debug|x64
		{C03AC4BD-9503-42DF-A99D-66BDBC0DF274}.Debug|x64.Build.0 = Debug|x64
		{C03AC4BD-9503-42DF-A99D-66BDBC0DF274}.Debug|x64.Deploy.0 = Debug|x64
		{C03AC4BD-9503-42DF-A99D-66BDBC0DF274}.Debug|x86.ActiveCfg = Debug|x86
		{C03AC4BD-9503-42DF-A99D-66BDBC0DF274}.Debug|x86.Build.0 = Debug|x86
		{C03AC4BD-9503-42DF-A99D-66BDBC0DF274}.Debug|x86.Deploy.0 = Debug|x86
		{C03AC4BD-9503-42DF-A99D-66BDBC0DF274}.Release|Any CPU.ActiveCfg = Release|Any CPU
		{C03AC4BD-9503-42DF-A99D-66BDBC0DF274}.Release|Any CPU.Build.0 = Release|Any CPU
		{C03AC4BD-9503-42DF-A99D-66BDBC0DF274}.Release|Any CPU.Deploy.0 = Release|Any CPU
		{C03AC4BD-9503-42DF-A99D-66BDBC0DF274}.Release|ARM.ActiveCfg = Release|ARM
		{C03AC4BD-9503-42DF-A99D-66BDBC0DF274}.Release|ARM.Build.0 = Release|ARM
		{C03AC4BD-9503-42DF-A99D-66BDBC0DF274}.Release|ARM.Deploy.0 = Release|ARM
		{C03AC4BD-9503-42DF-A99D-66BDBC0DF274}.Release|x64.ActiveCfg = Release|x64
		{C03AC4BD-9503-42DF-A99D-66BDBC0DF274}.Release|x64.Build.0 = Release|x64
		{C03AC4BD-9503-42DF-A99D-66BDBC0DF274}.Release|x64.Deploy.0 = Release|x64
		{C03AC4BD-9503-42DF-A99D-66BDBC0DF274}.Release|x86.ActiveCfg = Release|x86
		{C03AC4BD-9503-42DF-A99D-66BDBC0DF274}.Release|x86.Build.0 = Release|x86
		{C03AC4BD-9503-42DF-A99D-66BDBC0DF274}.Release|x86.Deploy.0 = Release|x86
		{494D30FF-B711-4C7D-9EE4-116856321FE3}.Debug|Any CPU.ActiveCfg = Debug|Any CPU
		{494D30FF-B711-4C7D-9EE4-116856321FE3}.Debug|Any CPU.Build.0 = Debug|Any CPU
		{494D30FF-B711-4C7D-9EE4-116856321FE3}.Debug|Any CPU.Deploy.0 = Debug|Any CPU
		{494D30FF-B711-4C7D-9EE4-116856321FE3}.Debug|ARM.ActiveCfg = Debug|ARM
		{494D30FF-B711-4C7D-9EE4-116856321FE3}.Debug|ARM.Build.0 = Debug|ARM
		{494D30FF-B711-4C7D-9EE4-116856321FE3}.Debug|ARM.Deploy.0 = Debug|ARM
		{494D30FF-B711-4C7D-9EE4-116856321FE3}.Debug|x64.ActiveCfg = Debug|x64
		{494D30FF-B711-4C7D-9EE4-116856321FE3}.Debug|x64.Build.0 = Debug|x64
		{494D30FF-B711-4C7D-9EE4-116856321FE3}.Debug|x64.Deploy.0 = Debug|x64
		{494D30FF-B711-4C7D-9EE4-116856321FE3}.Debug|x86.ActiveCfg = Debug|x86
		{494D30FF-B711-4C7D-9EE4-116856321FE3}.Debug|x86.Build.0 = Debug|x86
		{494D30FF-B711-4C7D-9EE4-116856321FE3}.Debug|x86.Deploy.0 = Debug|x86
		{494D30FF-B711-4C7D-9EE4-116856321FE3}.Release|Any CPU.ActiveCfg = Release|Any CPU
		{494D30FF-B711-4C7D-9EE4-116856321FE3}.Release|Any CPU.Build.0 = Release|Any CPU
		{494D30FF-B711-4C7D-9EE4-116856321FE3}.Release|Any CPU.Deploy.0 = Release|Any CPU
		{494D30FF-B711-4C7D-9EE4-116856321FE3}.Release|ARM.ActiveCfg = Release|ARM
		{494D30FF-B711-4C7D-9EE4-116856321FE3}.Release|ARM.Build.0 = Release|ARM
		{494D30FF-B711-4C7D-9EE4-116856321FE3}.Release|ARM.Deploy.0 = Release|ARM
		{494D30FF-B711-4C7D-9EE4-116856321FE3}.Release|x64.ActiveCfg = Release|x64
		{494D30FF-B711-4C7D-9EE4-116856321FE3}.Release|x64.Build.0 = Release|x64
		{494D30FF-B711-4C7D-9EE4-116856321FE3}.Release|x64.Deploy.0 = Release|x64
		{494D30FF-B711-4C7D-9EE4-116856321FE3}.Release|x86.ActiveCfg = Release|x86
		{494D30FF-B711-4C7D-9EE4-116856321FE3}.Release|x86.Build.0 = Release|x86
		{494D30FF-B711-4C7D-9EE4-116856321FE3}.Release|x86.Deploy.0 = Release|x86
		{FBB09187-9F94-4889-A8B6-49DC6D6A46C0}.Debug|Any CPU.ActiveCfg = Debug|Any CPU
		{FBB09187-9F94-4889-A8B6-49DC6D6A46C0}.Debug|Any CPU.Build.0 = Debug|Any CPU
		{FBB09187-9F94-4889-A8B6-49DC6D6A46C0}.Debug|Any CPU.Deploy.0 = Debug|Any CPU
		{FBB09187-9F94-4889-A8B6-49DC6D6A46C0}.Debug|ARM.ActiveCfg = Debug|ARM
		{FBB09187-9F94-4889-A8B6-49DC6D6A46C0}.Debug|ARM.Build.0 = Debug|ARM
		{FBB09187-9F94-4889-A8B6-49DC6D6A46C0}.Debug|ARM.Deploy.0 = Debug|ARM
		{FBB09187-9F94-4889-A8B6-49DC6D6A46C0}.Debug|x64.ActiveCfg = Debug|x64
		{FBB09187-9F94-4889-A8B6-49DC6D6A46C0}.Debug|x64.Build.0 = Debug|x64
		{FBB09187-9F94-4889-A8B6-49DC6D6A46C0}.Debug|x64.Deploy.0 = Debug|x64
		{FBB09187-9F94-4889-A8B6-49DC6D6A46C0}.Debug|x86.ActiveCfg = Debug|x86
		{FBB09187-9F94-4889-A8B6-49DC6D6A46C0}.Debug|x86.Build.0 = Debug|x86
		{FBB09187-9F94-4889-A8B6-49DC6D6A46C0}.Debug|x86.Deploy.0 = Debug|x86
		{FBB09187-9F94-4889-A8B6-49DC6D6A46C0}.Release|Any CPU.ActiveCfg = Release|Any CPU
		{FBB09187-9F94-4889-A8B6-49DC6D6A46C0}.Release|Any CPU.Build.0 = Release|Any CPU
		{FBB09187-9F94-4889-A8B6-49DC6D6A46C0}.Release|Any CPU.Deploy.0 = Release|Any CPU
		{FBB09187-9F94-4889-A8B6-49DC6D6A46C0}.Release|ARM.ActiveCfg = Release|ARM
		{FBB09187-9F94-4889-A8B6-49DC6D6A46C0}.Release|ARM.Build.0 = Release|ARM
		{FBB09187-9F94-4889-A8B6-49DC6D6A46C0}.Release|ARM.Deploy.0 = Release|ARM
		{FBB09187-9F94-4889-A8B6-49DC6D6A46C0}.Release|x64.ActiveCfg = Release|x64
		{FBB09187-9F94-4889-A8B6-49DC6D6A46C0}.Release|x64.Build.0 = Release|x64
		{FBB09187-9F94-4889-A8B6-49DC6D6A46C0}.Release|x64.Deploy.0 = Release|x64
		{FBB09187-9F94-4889-A8B6-49DC6D6A46C0}.Release|x86.ActiveCfg = Release|x86
		{FBB09187-9F94-4889-A8B6-49DC6D6A46C0}.Release|x86.Build.0 = Release|x86
		{FBB09187-9F94-4889-A8B6-49DC6D6A46C0}.Release|x86.Deploy.0 = Release|x86
		{46D45852-1649-42F8-AE6D-90D85F0B17C1}.Debug|Any CPU.ActiveCfg = Debug|Any CPU
		{46D45852-1649-42F8-AE6D-90D85F0B17C1}.Debug|Any CPU.Build.0 = Debug|Any CPU
		{46D45852-1649-42F8-AE6D-90D85F0B17C1}.Debug|ARM.ActiveCfg = Debug|ARM
		{46D45852-1649-42F8-AE6D-90D85F0B17C1}.Debug|ARM.Build.0 = Debug|ARM
		{46D45852-1649-42F8-AE6D-90D85F0B17C1}.Debug|x64.ActiveCfg = Debug|x64
		{46D45852-1649-42F8-AE6D-90D85F0B17C1}.Debug|x64.Build.0 = Debug|x64
		{46D45852-1649-42F8-AE6D-90D85F0B17C1}.Debug|x86.ActiveCfg = Debug|x86
		{46D45852-1649-42F8-AE6D-90D85F0B17C1}.Debug|x86.Build.0 = Debug|x86
		{46D45852-1649-42F8-AE6D-90D85F0B17C1}.Release|Any CPU.ActiveCfg = Release|Any CPU
		{46D45852-1649-42F8-AE6D-90D85F0B17C1}.Release|Any CPU.Build.0 = Release|Any CPU
		{46D45852-1649-42F8-AE6D-90D85F0B17C1}.Release|ARM.ActiveCfg = Release|ARM
		{46D45852-1649-42F8-AE6D-90D85F0B17C1}.Release|ARM.Build.0 = Release|ARM
		{46D45852-1649-42F8-AE6D-90D85F0B17C1}.Release|x64.ActiveCfg = Release|x64
		{46D45852-1649-42F8-AE6D-90D85F0B17C1}.Release|x64.Build.0 = Release|x64
		{46D45852-1649-42F8-AE6D-90D85F0B17C1}.Release|x86.ActiveCfg = Release|x86
		{46D45852-1649-42F8-AE6D-90D85F0B17C1}.Release|x86.Build.0 = Release|x86
		{567CC218-4D1C-4216-842B-266AE1853113}.Debug|Any CPU.ActiveCfg = Debug|Any CPU
		{567CC218-4D1C-4216-842B-266AE1853113}.Debug|Any CPU.Build.0 = Debug|Any CPU
		{567CC218-4D1C-4216-842B-266AE1853113}.Debug|Any CPU.Deploy.0 = Debug|Any CPU
		{567CC218-4D1C-4216-842B-266AE1853113}.Debug|ARM.ActiveCfg = Debug|ARM
		{567CC218-4D1C-4216-842B-266AE1853113}.Debug|ARM.Build.0 = Debug|ARM
		{567CC218-4D1C-4216-842B-266AE1853113}.Debug|ARM.Deploy.0 = Debug|ARM
		{567CC218-4D1C-4216-842B-266AE1853113}.Debug|x64.ActiveCfg = Debug|x64
		{567CC218-4D1C-4216-842B-266AE1853113}.Debug|x64.Build.0 = Debug|x64
		{567CC218-4D1C-4216-842B-266AE1853113}.Debug|x64.Deploy.0 = Debug|x64
		{567CC218-4D1C-4216-842B-266AE1853113}.Debug|x86.ActiveCfg = Debug|x86
		{567CC218-4D1C-4216-842B-266AE1853113}.Debug|x86.Build.0 = Debug|x86
		{567CC218-4D1C-4216-842B-266AE1853113}.Debug|x86.Deploy.0 = Debug|x86
		{567CC218-4D1C-4216-842B-266AE1853113}.Release|Any CPU.ActiveCfg = Release|Any CPU
		{567CC218-4D1C-4216-842B-266AE1853113}.Release|Any CPU.Build.0 = Release|Any CPU
		{567CC218-4D1C-4216-842B-266AE1853113}.Release|Any CPU.Deploy.0 = Release|Any CPU
		{567CC218-4D1C-4216-842B-266AE1853113}.Release|ARM.ActiveCfg = Release|ARM
		{567CC218-4D1C-4216-842B-266AE1853113}.Release|ARM.Build.0 = Release|ARM
		{567CC218-4D1C-4216-842B-266AE1853113}.Release|ARM.Deploy.0 = Release|ARM
		{567CC218-4D1C-4216-842B-266AE1853113}.Release|x64.ActiveCfg = Release|x64
		{567CC218-4D1C-4216-842B-266AE1853113}.Release|x64.Build.0 = Release|x64
		{567CC218-4D1C-4216-842B-266AE1853113}.Release|x64.Deploy.0 = Release|x64
		{567CC218-4D1C-4216-842B-266AE1853113}.Release|x86.ActiveCfg = Release|x86
		{567CC218-4D1C-4216-842B-266AE1853113}.Release|x86.Build.0 = Release|x86
		{567CC218-4D1C-4216-842B-266AE1853113}.Release|x86.Deploy.0 = Release|x86
		{B165B682-24E2-468D-AC18-AF04399BD6F6}.Debug|Any CPU.ActiveCfg = Debug|Any CPU
		{B165B682-24E2-468D-AC18-AF04399BD6F6}.Debug|Any CPU.Build.0 = Debug|Any CPU
		{B165B682-24E2-468D-AC18-AF04399BD6F6}.Debug|ARM.ActiveCfg = Debug|Any CPU
		{B165B682-24E2-468D-AC18-AF04399BD6F6}.Debug|x64.ActiveCfg = Debug|Any CPU
		{B165B682-24E2-468D-AC18-AF04399BD6F6}.Debug|x86.ActiveCfg = Debug|Any CPU
		{B165B682-24E2-468D-AC18-AF04399BD6F6}.Release|Any CPU.ActiveCfg = Release|Any CPU
		{B165B682-24E2-468D-AC18-AF04399BD6F6}.Release|Any CPU.Build.0 = Release|Any CPU
		{B165B682-24E2-468D-AC18-AF04399BD6F6}.Release|ARM.ActiveCfg = Release|Any CPU
		{B165B682-24E2-468D-AC18-AF04399BD6F6}.Release|x64.ActiveCfg = Release|Any CPU
		{B165B682-24E2-468D-AC18-AF04399BD6F6}.Release|x86.ActiveCfg = Release|Any CPU
		{01C3475D-9251-40F7-B81E-B49604818AC2}.Debug|Any CPU.ActiveCfg = Debug|Any CPU
		{01C3475D-9251-40F7-B81E-B49604818AC2}.Debug|Any CPU.Build.0 = Debug|Any CPU
		{01C3475D-9251-40F7-B81E-B49604818AC2}.Debug|ARM.ActiveCfg = Debug|Any CPU
		{01C3475D-9251-40F7-B81E-B49604818AC2}.Debug|x64.ActiveCfg = Debug|Any CPU
		{01C3475D-9251-40F7-B81E-B49604818AC2}.Debug|x86.ActiveCfg = Debug|Any CPU
		{01C3475D-9251-40F7-B81E-B49604818AC2}.Release|Any CPU.ActiveCfg = Release|Any CPU
		{01C3475D-9251-40F7-B81E-B49604818AC2}.Release|Any CPU.Build.0 = Release|Any CPU
		{01C3475D-9251-40F7-B81E-B49604818AC2}.Release|ARM.ActiveCfg = Release|Any CPU
		{01C3475D-9251-40F7-B81E-B49604818AC2}.Release|x64.ActiveCfg = Release|Any CPU
		{01C3475D-9251-40F7-B81E-B49604818AC2}.Release|x86.ActiveCfg = Release|Any CPU
		{0A22AC29-A78E-4C57-9009-1A3C568BAED8}.Debug|Any CPU.ActiveCfg = Debug|Any CPU
		{0A22AC29-A78E-4C57-9009-1A3C568BAED8}.Debug|Any CPU.Build.0 = Debug|Any CPU
		{0A22AC29-A78E-4C57-9009-1A3C568BAED8}.Debug|ARM.ActiveCfg = Debug|ARM
		{0A22AC29-A78E-4C57-9009-1A3C568BAED8}.Debug|ARM.Build.0 = Debug|ARM
		{0A22AC29-A78E-4C57-9009-1A3C568BAED8}.Debug|x64.ActiveCfg = Debug|x64
		{0A22AC29-A78E-4C57-9009-1A3C568BAED8}.Debug|x64.Build.0 = Debug|x64
		{0A22AC29-A78E-4C57-9009-1A3C568BAED8}.Debug|x86.ActiveCfg = Debug|x86
		{0A22AC29-A78E-4C57-9009-1A3C568BAED8}.Debug|x86.Build.0 = Debug|x86
		{0A22AC29-A78E-4C57-9009-1A3C568BAED8}.Release|Any CPU.ActiveCfg = Release|Any CPU
		{0A22AC29-A78E-4C57-9009-1A3C568BAED8}.Release|Any CPU.Build.0 = Release|Any CPU
		{0A22AC29-A78E-4C57-9009-1A3C568BAED8}.Release|ARM.ActiveCfg = Release|ARM
		{0A22AC29-A78E-4C57-9009-1A3C568BAED8}.Release|ARM.Build.0 = Release|ARM
		{0A22AC29-A78E-4C57-9009-1A3C568BAED8}.Release|x64.ActiveCfg = Release|x64
		{0A22AC29-A78E-4C57-9009-1A3C568BAED8}.Release|x64.Build.0 = Release|x64
		{0A22AC29-A78E-4C57-9009-1A3C568BAED8}.Release|x86.ActiveCfg = Release|x86
		{0A22AC29-A78E-4C57-9009-1A3C568BAED8}.Release|x86.Build.0 = Release|x86
		{25F4A816-EE77-4CB8-A348-02D4526D72CC}.Debug|Any CPU.ActiveCfg = Debug|Any CPU
		{25F4A816-EE77-4CB8-A348-02D4526D72CC}.Debug|Any CPU.Build.0 = Debug|Any CPU
		{25F4A816-EE77-4CB8-A348-02D4526D72CC}.Debug|Any CPU.Deploy.0 = Debug|Any CPU
		{25F4A816-EE77-4CB8-A348-02D4526D72CC}.Debug|ARM.ActiveCfg = Debug|ARM
		{25F4A816-EE77-4CB8-A348-02D4526D72CC}.Debug|ARM.Build.0 = Debug|ARM
		{25F4A816-EE77-4CB8-A348-02D4526D72CC}.Debug|ARM.Deploy.0 = Debug|ARM
		{25F4A816-EE77-4CB8-A348-02D4526D72CC}.Debug|x64.ActiveCfg = Debug|x64
		{25F4A816-EE77-4CB8-A348-02D4526D72CC}.Debug|x64.Build.0 = Debug|x64
		{25F4A816-EE77-4CB8-A348-02D4526D72CC}.Debug|x64.Deploy.0 = Debug|x64
		{25F4A816-EE77-4CB8-A348-02D4526D72CC}.Debug|x86.ActiveCfg = Debug|x86
		{25F4A816-EE77-4CB8-A348-02D4526D72CC}.Debug|x86.Build.0 = Debug|x86
		{25F4A816-EE77-4CB8-A348-02D4526D72CC}.Debug|x86.Deploy.0 = Debug|x86
		{25F4A816-EE77-4CB8-A348-02D4526D72CC}.Release|Any CPU.ActiveCfg = Release|Any CPU
		{25F4A816-EE77-4CB8-A348-02D4526D72CC}.Release|Any CPU.Build.0 = Release|Any CPU
		{25F4A816-EE77-4CB8-A348-02D4526D72CC}.Release|Any CPU.Deploy.0 = Release|Any CPU
		{25F4A816-EE77-4CB8-A348-02D4526D72CC}.Release|ARM.ActiveCfg = Release|ARM
		{25F4A816-EE77-4CB8-A348-02D4526D72CC}.Release|ARM.Build.0 = Release|ARM
		{25F4A816-EE77-4CB8-A348-02D4526D72CC}.Release|ARM.Deploy.0 = Release|ARM
		{25F4A816-EE77-4CB8-A348-02D4526D72CC}.Release|x64.ActiveCfg = Release|x64
		{25F4A816-EE77-4CB8-A348-02D4526D72CC}.Release|x64.Build.0 = Release|x64
		{25F4A816-EE77-4CB8-A348-02D4526D72CC}.Release|x64.Deploy.0 = Release|x64
		{25F4A816-EE77-4CB8-A348-02D4526D72CC}.Release|x86.ActiveCfg = Release|x86
		{25F4A816-EE77-4CB8-A348-02D4526D72CC}.Release|x86.Build.0 = Release|x86
		{25F4A816-EE77-4CB8-A348-02D4526D72CC}.Release|x86.Deploy.0 = Release|x86
	EndGlobalSection
	GlobalSection(SolutionProperties) = preSolution
		HideSolutionNode = FALSE
	EndGlobalSection
EndGlobal
